// !$*UTF8*$!
{
	archiveVersion = 1;
	classes = {
	};
	objectVersion = 56;
	objects = {

/* Begin PBXBuildFile section */
		220FDB982CC2CC1F00F53DAF /* ExercisePlayApp.swift in Sources */ = {isa = PBXBuildFile; fileRef = 220FDB972CC2CC1F00F53DAF /* ExercisePlayApp.swift */; };
		220FDB9A2CC2CC1F00F53DAF /* ContentView.swift in Sources */ = {isa = PBXBuildFile; fileRef = 220FDB992CC2CC1F00F53DAF /* ContentView.swift */; };
		220FDB9C2CC2CC2000F53DAF /* Assets.xcassets in Resources */ = {isa = PBXBuildFile; fileRef = 220FDB9B2CC2CC2000F53DAF /* Assets.xcassets */; };
		220FDB9F2CC2CC2000F53DAF /* Preview Assets.xcassets in Resources */ = {isa = PBXBuildFile; fileRef = 220FDB9E2CC2CC2000F53DAF /* Preview Assets.xcassets */; };
		220FDBA92CC2CC2100F53DAF /* ExercisePlayTests.swift in Sources */ = {isa = PBXBuildFile; fileRef = 220FDBA82CC2CC2100F53DAF /* ExercisePlayTests.swift */; };
		220FDBB32CC2CC2100F53DAF /* ExercisePlayUITests.swift in Sources */ = {isa = PBXBuildFile; fileRef = 220FDBB22CC2CC2100F53DAF /* ExercisePlayUITests.swift */; };
		220FDBB52CC2CC2100F53DAF /* ExercisePlayUITestsLaunchTests.swift in Sources */ = {isa = PBXBuildFile; fileRef = 220FDBB42CC2CC2100F53DAF /* ExercisePlayUITestsLaunchTests.swift */; };
/* End PBXBuildFile section */

/* Begin PBXContainerItemProxy section */
		220FDBA52CC2CC2100F53DAF /* PBXContainerItemProxy */ = {
			isa = PBXContainerItemProxy;
			containerPortal = 220FDB8C2CC2CC1F00F53DAF /* Project object */;
			proxyType = 1;
			remoteGlobalIDString = 220FDB932CC2CC1F00F53DAF;
			remoteInfo = ExercisePlay;
		};
		220FDBAF2CC2CC2100F53DAF /* PBXContainerItemProxy */ = {
			isa = PBXContainerItemProxy;
			containerPortal = 220FDB8C2CC2CC1F00F53DAF /* Project object */;
			proxyType = 1;
			remoteGlobalIDString = 220FDB932CC2CC1F00F53DAF;
			remoteInfo = ExercisePlay;
		};
/* End PBXContainerItemProxy section */

/* Begin PBXFileReference section */
		220FDB942CC2CC1F00F53DAF /* ExercisePlay.app */ = {isa = PBXFileReference; explicitFileType = wrapper.application; includeInIndex = 0; path = ExercisePlay.app; sourceTree = BUILT_PRODUCTS_DIR; };
		220FDB972CC2CC1F00F53DAF /* ExercisePlayApp.swift */ = {isa = PBXFileReference; lastKnownFileType = sourcecode.swift; path = ExercisePlayApp.swift; sourceTree = "<group>"; };
		220FDB992CC2CC1F00F53DAF /* ContentView.swift */ = {isa = PBXFileReference; lastKnownFileType = sourcecode.swift; path = ContentView.swift; sourceTree = "<group>"; };
		220FDB9B2CC2CC2000F53DAF /* Assets.xcassets */ = {isa = PBXFileReference; lastKnownFileType = folder.assetcatalog; path = Assets.xcassets; sourceTree = "<group>"; };
		220FDB9E2CC2CC2000F53DAF /* Preview Assets.xcassets */ = {isa = PBXFileReference; lastKnownFileType = folder.assetcatalog; path = "Preview Assets.xcassets"; sourceTree = "<group>"; };
		220FDBA42CC2CC2100F53DAF /* ExercisePlayTests.xctest */ = {isa = PBXFileReference; explicitFileType = wrapper.cfbundle; includeInIndex = 0; path = ExercisePlayTests.xctest; sourceTree = BUILT_PRODUCTS_DIR; };
		220FDBA82CC2CC2100F53DAF /* ExercisePlayTests.swift */ = {isa = PBXFileReference; lastKnownFileType = sourcecode.swift; path = ExercisePlayTests.swift; sourceTree = "<group>"; };
		220FDBAE2CC2CC2100F53DAF /* ExercisePlayUITests.xctest */ = {isa = PBXFileReference; explicitFileType = wrapper.cfbundle; includeInIndex = 0; path = ExercisePlayUITests.xctest; sourceTree = BUILT_PRODUCTS_DIR; };
		220FDBB22CC2CC2100F53DAF /* ExercisePlayUITests.swift */ = {isa = PBXFileReference; lastKnownFileType = sourcecode.swift; path = ExercisePlayUITests.swift; sourceTree = "<group>"; };
		220FDBB42CC2CC2100F53DAF /* ExercisePlayUITestsLaunchTests.swift */ = {isa = PBXFileReference; lastKnownFileType = sourcecode.swift; path = ExercisePlayUITestsLaunchTests.swift; sourceTree = "<group>"; };
/* End PBXFileReference section */

/* Begin PBXFrameworksBuildPhase section */
		220FDB912CC2CC1F00F53DAF /* Frameworks */ = {
			isa = PBXFrameworksBuildPhase;
			buildActionMask = 2147483647;
			files = (
			);
			runOnlyForDeploymentPostprocessing = 0;
		};
		220FDBA12CC2CC2100F53DAF /* Frameworks */ = {
			isa = PBXFrameworksBuildPhase;
			buildActionMask = 2147483647;
			files = (
			);
			runOnlyForDeploymentPostprocessing = 0;
		};
		220FDBAB2CC2CC2100F53DAF /* Frameworks */ = {
			isa = PBXFrameworksBuildPhase;
			buildActionMask = 2147483647;
			files = (
			);
			runOnlyForDeploymentPostprocessing = 0;
		};
/* End PBXFrameworksBuildPhase section */

/* Begin PBXGroup section */
		220FDB8B2CC2CC1F00F53DAF = {
			isa = PBXGroup;
			children = (
				220FDB962CC2CC1F00F53DAF /* ExercisePlay */,
				220FDBA72CC2CC2100F53DAF /* ExercisePlayTests */,
				220FDBB12CC2CC2100F53DAF /* ExercisePlayUITests */,
				220FDB952CC2CC1F00F53DAF /* Products */,
			);
			sourceTree = "<group>";
		};
		220FDB952CC2CC1F00F53DAF /* Products */ = {
			isa = PBXGroup;
			children = (
				220FDB942CC2CC1F00F53DAF /* ExercisePlay.app */,
				220FDBA42CC2CC2100F53DAF /* ExercisePlayTests.xctest */,
				220FDBAE2CC2CC2100F53DAF /* ExercisePlayUITests.xctest */,
			);
			name = Products;
			sourceTree = "<group>";
		};
		220FDB962CC2CC1F00F53DAF /* ExercisePlay */ = {
			isa = PBXGroup;
			children = (
				220FDB972CC2CC1F00F53DAF /* ExercisePlayApp.swift */,
				220FDB992CC2CC1F00F53DAF /* ContentView.swift */,
				220FDB9B2CC2CC2000F53DAF /* Assets.xcassets */,
				220FDB9D2CC2CC2000F53DAF /* Preview Content */,
			);
			path = ExercisePlay;
			sourceTree = "<group>";
		};
		220FDB9D2CC2CC2000F53DAF /* Preview Content */ = {
			isa = PBXGroup;
			children = (
				220FDB9E2CC2CC2000F53DAF /* Preview Assets.xcassets */,
			);
			path = "Preview Content";
			sourceTree = "<group>";
		};
		220FDBA72CC2CC2100F53DAF /* ExercisePlayTests */ = {
			isa = PBXGroup;
			children = (
				220FDBA82CC2CC2100F53DAF /* ExercisePlayTests.swift */,
			);
			path = ExercisePlayTests;
			sourceTree = "<group>";
		};
		220FDBB12CC2CC2100F53DAF /* ExercisePlayUITests */ = {
			isa = PBXGroup;
			children = (
				220FDBB22CC2CC2100F53DAF /* ExercisePlayUITests.swift */,
				220FDBB42CC2CC2100F53DAF /* ExercisePlayUITestsLaunchTests.swift */,
			);
			path = ExercisePlayUITests;
			sourceTree = "<group>";
		};
/* End PBXGroup section */

/* Begin PBXNativeTarget section */
		220FDB932CC2CC1F00F53DAF /* ExercisePlay */ = {
			isa = PBXNativeTarget;
			buildConfigurationList = 220FDBB82CC2CC2100F53DAF /* Build configuration list for PBXNativeTarget "ExercisePlay" */;
			buildPhases = (
				220FDB902CC2CC1F00F53DAF /* Sources */,
				220FDB912CC2CC1F00F53DAF /* Frameworks */,
				220FDB922CC2CC1F00F53DAF /* Resources */,
			);
			buildRules = (
			);
			dependencies = (
			);
			name = ExercisePlay;
			productName = ExercisePlay;
			productReference = 220FDB942CC2CC1F00F53DAF /* ExercisePlay.app */;
			productType = "com.apple.product-type.application";
		};
		220FDBA32CC2CC2100F53DAF /* ExercisePlayTests */ = {
			isa = PBXNativeTarget;
			buildConfigurationList = 220FDBBB2CC2CC2100F53DAF /* Build configuration list for PBXNativeTarget "ExercisePlayTests" */;
			buildPhases = (
				220FDBA02CC2CC2100F53DAF /* Sources */,
				220FDBA12CC2CC2100F53DAF /* Frameworks */,
				220FDBA22CC2CC2100F53DAF /* Resources */,
			);
			buildRules = (
			);
			dependencies = (
				220FDBA62CC2CC2100F53DAF /* PBXTargetDependency */,
			);
			name = ExercisePlayTests;
			productName = ExercisePlayTests;
			productReference = 220FDBA42CC2CC2100F53DAF /* ExercisePlayTests.xctest */;
			productType = "com.apple.product-type.bundle.unit-test";
		};
		220FDBAD2CC2CC2100F53DAF /* ExercisePlayUITests */ = {
			isa = PBXNativeTarget;
			buildConfigurationList = 220FDBBE2CC2CC2100F53DAF /* Build configuration list for PBXNativeTarget "ExercisePlayUITests" */;
			buildPhases = (
				220FDBAA2CC2CC2100F53DAF /* Sources */,
				220FDBAB2CC2CC2100F53DAF /* Frameworks */,
				220FDBAC2CC2CC2100F53DAF /* Resources */,
			);
			buildRules = (
			);
			dependencies = (
				220FDBB02CC2CC2100F53DAF /* PBXTargetDependency */,
			);
			name = ExercisePlayUITests;
			productName = ExercisePlayUITests;
			productReference = 220FDBAE2CC2CC2100F53DAF /* ExercisePlayUITests.xctest */;
			productType = "com.apple.product-type.bundle.ui-testing";
		};
/* End PBXNativeTarget section */

/* Begin PBXProject section */
		220FDB8C2CC2CC1F00F53DAF /* Project object */ = {
			isa = PBXProject;
			attributes = {
				BuildIndependentTargetsInParallel = 1;
				LastSwiftUpdateCheck = 1540;
				LastUpgradeCheck = 1540;
				TargetAttributes = {
					220FDB932CC2CC1F00F53DAF = {
						CreatedOnToolsVersion = 15.4;
					};
					220FDBA32CC2CC2100F53DAF = {
						CreatedOnToolsVersion = 15.4;
						TestTargetID = 220FDB932CC2CC1F00F53DAF;
					};
					220FDBAD2CC2CC2100F53DAF = {
						CreatedOnToolsVersion = 15.4;
						TestTargetID = 220FDB932CC2CC1F00F53DAF;
					};
				};
			};
			buildConfigurationList = 220FDB8F2CC2CC1F00F53DAF /* Build configuration list for PBXProject "ExercisePlay" */;
			compatibilityVersion = "Xcode 14.0";
			developmentRegion = en;
			hasScannedForEncodings = 0;
			knownRegions = (
				en,
				Base,
			);
			mainGroup = 220FDB8B2CC2CC1F00F53DAF;
			productRefGroup = 220FDB952CC2CC1F00F53DAF /* Products */;
			projectDirPath = "";
			projectRoot = "";
			targets = (
				220FDB932CC2CC1F00F53DAF /* ExercisePlay */,
				220FDBA32CC2CC2100F53DAF /* ExercisePlayTests */,
				220FDBAD2CC2CC2100F53DAF /* ExercisePlayUITests */,
			);
		};
/* End PBXProject section */

/* Begin PBXResourcesBuildPhase section */
		220FDB922CC2CC1F00F53DAF /* Resources */ = {
			isa = PBXResourcesBuildPhase;
			buildActionMask = 2147483647;
			files = (
				220FDB9F2CC2CC2000F53DAF /* Preview Assets.xcassets in Resources */,
				220FDB9C2CC2CC2000F53DAF /* Assets.xcassets in Resources */,
			);
			runOnlyForDeploymentPostprocessing = 0;
		};
		220FDBA22CC2CC2100F53DAF /* Resources */ = {
			isa = PBXResourcesBuildPhase;
			buildActionMask = 2147483647;
			files = (
			);
			runOnlyForDeploymentPostprocessing = 0;
		};
		220FDBAC2CC2CC2100F53DAF /* Resources */ = {
			isa = PBXResourcesBuildPhase;
			buildActionMask = 2147483647;
			files = (
			);
			runOnlyForDeploymentPostprocessing = 0;
		};
/* End PBXResourcesBuildPhase section */

/* Begin PBXSourcesBuildPhase section */
		220FDB902CC2CC1F00F53DAF /* Sources */ = {
			isa = PBXSourcesBuildPhase;
			buildActionMask = 2147483647;
			files = (
				220FDB9A2CC2CC1F00F53DAF /* ContentView.swift in Sources */,
				220FDB982CC2CC1F00F53DAF /* ExercisePlayApp.swift in Sources */,
			);
			runOnlyForDeploymentPostprocessing = 0;
		};
		220FDBA02CC2CC2100F53DAF /* Sources */ = {
			isa = PBXSourcesBuildPhase;
			buildActionMask = 2147483647;
			files = (
				220FDBA92CC2CC2100F53DAF /* ExercisePlayTests.swift in Sources */,
			);
			runOnlyForDeploymentPostprocessing = 0;
		};
		220FDBAA2CC2CC2100F53DAF /* Sources */ = {
			isa = PBXSourcesBuildPhase;
			buildActionMask = 2147483647;
			files = (
				220FDBB52CC2CC2100F53DAF /* ExercisePlayUITestsLaunchTests.swift in Sources */,
				220FDBB32CC2CC2100F53DAF /* ExercisePlayUITests.swift in Sources */,
			);
			runOnlyForDeploymentPostprocessing = 0;
		};
/* End PBXSourcesBuildPhase section */

/* Begin PBXTargetDependency section */
		220FDBA62CC2CC2100F53DAF /* PBXTargetDependency */ = {
			isa = PBXTargetDependency;
			target = 220FDB932CC2CC1F00F53DAF /* ExercisePlay */;
			targetProxy = 220FDBA52CC2CC2100F53DAF /* PBXContainerItemProxy */;
		};
		220FDBB02CC2CC2100F53DAF /* PBXTargetDependency */ = {
			isa = PBXTargetDependency;
			target = 220FDB932CC2CC1F00F53DAF /* ExercisePlay */;
			targetProxy = 220FDBAF2CC2CC2100F53DAF /* PBXContainerItemProxy */;
		};
/* End PBXTargetDependency section */

/* Begin XCBuildConfiguration section */
		220FDBB62CC2CC2100F53DAF /* Debug */ = {
			isa = XCBuildConfiguration;
			buildSettings = {
				ALWAYS_SEARCH_USER_PATHS = NO;
				ASSETCATALOG_COMPILER_GENERATE_SWIFT_ASSET_SYMBOL_EXTENSIONS = YES;
				CLANG_ANALYZER_NONNULL = YES;
				CLANG_ANALYZER_NUMBER_OBJECT_CONVERSION = YES_AGGRESSIVE;
				CLANG_CXX_LANGUAGE_STANDARD = "gnu++20";
				CLANG_ENABLE_MODULES = YES;
				CLANG_ENABLE_OBJC_ARC = YES;
				CLANG_ENABLE_OBJC_WEAK = YES;
				CLANG_WARN_BLOCK_CAPTURE_AUTORELEASING = YES;
				CLANG_WARN_BOOL_CONVERSION = YES;
				CLANG_WARN_COMMA = YES;
				CLANG_WARN_CONSTANT_CONVERSION = YES;
				CLANG_WARN_DEPRECATED_OBJC_IMPLEMENTATIONS = YES;
				CLANG_WARN_DIRECT_OBJC_ISA_USAGE = YES_ERROR;
				CLANG_WARN_DOCUMENTATION_COMMENTS = YES;
				CLANG_WARN_EMPTY_BODY = YES;
				CLANG_WARN_ENUM_CONVERSION = YES;
				CLANG_WARN_INFINITE_RECURSION = YES;
				CLANG_WARN_INT_CONVERSION = YES;
				CLANG_WARN_NON_LITERAL_NULL_CONVERSION = YES;
				CLANG_WARN_OBJC_IMPLICIT_RETAIN_SELF = YES;
				CLANG_WARN_OBJC_LITERAL_CONVERSION = YES;
				CLANG_WARN_OBJC_ROOT_CLASS = YES_ERROR;
				CLANG_WARN_QUOTED_INCLUDE_IN_FRAMEWORK_HEADER = YES;
				CLANG_WARN_RANGE_LOOP_ANALYSIS = YES;
				CLANG_WARN_STRICT_PROTOTYPES = YES;
				CLANG_WARN_SUSPICIOUS_MOVE = YES;
				CLANG_WARN_UNGUARDED_AVAILABILITY = YES_AGGRESSIVE;
				CLANG_WARN_UNREACHABLE_CODE = YES;
				CLANG_WARN__DUPLICATE_METHOD_MATCH = YES;
				COPY_PHASE_STRIP = NO;
				DEBUG_INFORMATION_FORMAT = dwarf;
				ENABLE_STRICT_OBJC_MSGSEND = YES;
				ENABLE_TESTABILITY = YES;
				ENABLE_USER_SCRIPT_SANDBOXING = YES;
				GCC_C_LANGUAGE_STANDARD = gnu17;
				GCC_DYNAMIC_NO_PIC = NO;
				GCC_NO_COMMON_BLOCKS = YES;
				GCC_OPTIMIZATION_LEVEL = 0;
				GCC_PREPROCESSOR_DEFINITIONS = (
					"DEBUG=1",
					"$(inherited)",
				);
				GCC_WARN_64_TO_32_BIT_CONVERSION = YES;
				GCC_WARN_ABOUT_RETURN_TYPE = YES_ERROR;
				GCC_WARN_UNDECLARED_SELECTOR = YES;
				GCC_WARN_UNINITIALIZED_AUTOS = YES_AGGRESSIVE;
				GCC_WARN_UNUSED_FUNCTION = YES;
				GCC_WARN_UNUSED_VARIABLE = YES;
				IPHONEOS_DEPLOYMENT_TARGET = 17.5;
				LOCALIZATION_PREFERS_STRING_CATALOGS = YES;
				MTL_ENABLE_DEBUG_INFO = INCLUDE_SOURCE;
				MTL_FAST_MATH = YES;
				ONLY_ACTIVE_ARCH = YES;
				SDKROOT = iphoneos;
				SWIFT_ACTIVE_COMPILATION_CONDITIONS = "DEBUG $(inherited)";
				SWIFT_OPTIMIZATION_LEVEL = "-Onone";
			};
			name = Debug;
		};
		220FDBB72CC2CC2100F53DAF /* Release */ = {
			isa = XCBuildConfiguration;
			buildSettings = {
				ALWAYS_SEARCH_USER_PATHS = NO;
				ASSETCATALOG_COMPILER_GENERATE_SWIFT_ASSET_SYMBOL_EXTENSIONS = YES;
				CLANG_ANALYZER_NONNULL = YES;
				CLANG_ANALYZER_NUMBER_OBJECT_CONVERSION = YES_AGGRESSIVE;
				CLANG_CXX_LANGUAGE_STANDARD = "gnu++20";
				CLANG_ENABLE_MODULES = YES;
				CLANG_ENABLE_OBJC_ARC = YES;
				CLANG_ENABLE_OBJC_WEAK = YES;
				CLANG_WARN_BLOCK_CAPTURE_AUTORELEASING = YES;
				CLANG_WARN_BOOL_CONVERSION = YES;
				CLANG_WARN_COMMA = YES;
				CLANG_WARN_CONSTANT_CONVERSION = YES;
				CLANG_WARN_DEPRECATED_OBJC_IMPLEMENTATIONS = YES;
				CLANG_WARN_DIRECT_OBJC_ISA_USAGE = YES_ERROR;
				CLANG_WARN_DOCUMENTATION_COMMENTS = YES;
				CLANG_WARN_EMPTY_BODY = YES;
				CLANG_WARN_ENUM_CONVERSION = YES;
				CLANG_WARN_INFINITE_RECURSION = YES;
				CLANG_WARN_INT_CONVERSION = YES;
				CLANG_WARN_NON_LITERAL_NULL_CONVERSION = YES;
				CLANG_WARN_OBJC_IMPLICIT_RETAIN_SELF = YES;
				CLANG_WARN_OBJC_LITERAL_CONVERSION = YES;
				CLANG_WARN_OBJC_ROOT_CLASS = YES_ERROR;
				CLANG_WARN_QUOTED_INCLUDE_IN_FRAMEWORK_HEADER = YES;
				CLANG_WARN_RANGE_LOOP_ANALYSIS = YES;
				CLANG_WARN_STRICT_PROTOTYPES = YES;
				CLANG_WARN_SUSPICIOUS_MOVE = YES;
				CLANG_WARN_UNGUARDED_AVAILABILITY = YES_AGGRESSIVE;
				CLANG_WARN_UNREACHABLE_CODE = YES;
				CLANG_WARN__DUPLICATE_METHOD_MATCH = YES;
				COPY_PHASE_STRIP = NO;
				DEBUG_INFORMATION_FORMAT = "dwarf-with-dsym";
				ENABLE_NS_ASSERTIONS = NO;
				ENABLE_STRICT_OBJC_MSGSEND = YES;
				ENABLE_USER_SCRIPT_SANDBOXING = YES;
				GCC_C_LANGUAGE_STANDARD = gnu17;
				GCC_NO_COMMON_BLOCKS = YES;
				GCC_WARN_64_TO_32_BIT_CONVERSION = YES;
				GCC_WARN_ABOUT_RETURN_TYPE = YES_ERROR;
				GCC_WARN_UNDECLARED_SELECTOR = YES;
				GCC_WARN_UNINITIALIZED_AUTOS = YES_AGGRESSIVE;
				GCC_WARN_UNUSED_FUNCTION = YES;
				GCC_WARN_UNUSED_VARIABLE = YES;
				IPHONEOS_DEPLOYMENT_TARGET = 17.5;
				LOCALIZATION_PREFERS_STRING_CATALOGS = YES;
				MTL_ENABLE_DEBUG_INFO = NO;
				MTL_FAST_MATH = YES;
				SDKROOT = iphoneos;
				SWIFT_COMPILATION_MODE = wholemodule;
				VALIDATE_PRODUCT = YES;
			};
			name = Release;
		};
		220FDBB92CC2CC2100F53DAF /* Debug */ = {
			isa = XCBuildConfiguration;
			buildSettings = {
				ASSETCATALOG_COMPILER_APPICON_NAME = AppIcon;
				ASSETCATALOG_COMPILER_GLOBAL_ACCENT_COLOR_NAME = AccentColor;
				CODE_SIGN_STYLE = Automatic;
				CURRENT_PROJECT_VERSION = 1;
				DEVELOPMENT_ASSET_PATHS = "\"ExercisePlay/Preview Content\"";
				ENABLE_PREVIEWS = YES;
				GENERATE_INFOPLIST_FILE = YES;
				INFOPLIST_KEY_UIApplicationSceneManifest_Generation = YES;
				INFOPLIST_KEY_UIApplicationSupportsIndirectInputEvents = YES;
				INFOPLIST_KEY_UILaunchScreen_Generation = YES;
				INFOPLIST_KEY_UISupportedInterfaceOrientations_iPad = "UIInterfaceOrientationPortrait UIInterfaceOrientationPortraitUpsideDown UIInterfaceOrientationLandscapeLeft UIInterfaceOrientationLandscapeRight";
				INFOPLIST_KEY_UISupportedInterfaceOrientations_iPhone = "UIInterfaceOrientationPortrait UIInterfaceOrientationLandscapeLeft UIInterfaceOrientationLandscapeRight";
				LD_RUNPATH_SEARCH_PATHS = (
					"$(inherited)",
					"@executable_path/Frameworks",
				);
				MARKETING_VERSION = 1.0;
				PRODUCT_BUNDLE_IDENTIFIER = com.junaid.ExercisePlay;
				PRODUCT_NAME = "$(TARGET_NAME)";
				SWIFT_EMIT_LOC_STRINGS = YES;
				SWIFT_VERSION = 5.0;
				TARGETED_DEVICE_FAMILY = "1,2";
			};
			name = Debug;
		};
		220FDBBA2CC2CC2100F53DAF /* Release */ = {
			isa = XCBuildConfiguration;
			buildSettings = {
				ASSETCATALOG_COMPILER_APPICON_NAME = AppIcon;
				ASSETCATALOG_COMPILER_GLOBAL_ACCENT_COLOR_NAME = AccentColor;
				CODE_SIGN_STYLE = Automatic;
				CURRENT_PROJECT_VERSION = 1;
				DEVELOPMENT_ASSET_PATHS = "\"ExercisePlay/Preview Content\"";
				ENABLE_PREVIEWS = YES;
				GENERATE_INFOPLIST_FILE = YES;
				INFOPLIST_KEY_UIApplicationSceneManifest_Generation = YES;
				INFOPLIST_KEY_UIApplicationSupportsIndirectInputEvents = YES;
				INFOPLIST_KEY_UILaunchScreen_Generation = YES;
				INFOPLIST_KEY_UISupportedInterfaceOrientations_iPad = "UIInterfaceOrientationPortrait UIInterfaceOrientationPortraitUpsideDown UIInterfaceOrientationLandscapeLeft UIInterfaceOrientationLandscapeRight";
				INFOPLIST_KEY_UISupportedInterfaceOrientations_iPhone = "UIInterfaceOrientationPortrait UIInterfaceOrientationLandscapeLeft UIInterfaceOrientationLandscapeRight";
				LD_RUNPATH_SEARCH_PATHS = (
					"$(inherited)",
					"@executable_path/Frameworks",
				);
				MARKETING_VERSION = 1.0;
				PRODUCT_BUNDLE_IDENTIFIER = com.junaid.ExercisePlay;
				PRODUCT_NAME = "$(TARGET_NAME)";
				SWIFT_EMIT_LOC_STRINGS = YES;
				SWIFT_VERSION = 5.0;
				TARGETED_DEVICE_FAMILY = "1,2";
			};
			name = Release;
		};
		220FDBBC2CC2CC2100F53DAF /* Debug */ = {
			isa = XCBuildConfiguration;
			buildSettings = {
				ALWAYS_EMBED_SWIFT_STANDARD_LIBRARIES = YES;
				BUNDLE_LOADER = "$(TEST_HOST)";
				CODE_SIGN_STYLE = Automatic;
				CURRENT_PROJECT_VERSION = 1;
				GENERATE_INFOPLIST_FILE = YES;
				IPHONEOS_DEPLOYMENT_TARGET = 17.5;
				MARKETING_VERSION = 1.0;
				PRODUCT_BUNDLE_IDENTIFIER = com.junaid.ExercisePlayTests;
				PRODUCT_NAME = "$(TARGET_NAME)";
				SWIFT_EMIT_LOC_STRINGS = NO;
				SWIFT_VERSION = 5.0;
				TARGETED_DEVICE_FAMILY = "1,2";
				TEST_HOST = "$(BUILT_PRODUCTS_DIR)/ExercisePlay.app/$(BUNDLE_EXECUTABLE_FOLDER_PATH)/ExercisePlay";
			};
			name = Debug;
		};
		220FDBBD2CC2CC2100F53DAF /* Release */ = {
			isa = XCBuildConfiguration;
			buildSettings = {
				ALWAYS_EMBED_SWIFT_STANDARD_LIBRARIES = YES;
				BUNDLE_LOADER = "$(TEST_HOST)";
				CODE_SIGN_STYLE = Automatic;
				CURRENT_PROJECT_VERSION = 1;
				GENERATE_INFOPLIST_FILE = YES;
				IPHONEOS_DEPLOYMENT_TARGET = 17.5;
				MARKETING_VERSION = 1.0;
				PRODUCT_BUNDLE_IDENTIFIER = com.junaid.ExercisePlayTests;
				PRODUCT_NAME = "$(TARGET_NAME)";
				SWIFT_EMIT_LOC_STRINGS = NO;
				SWIFT_VERSION = 5.0;
				TARGETED_DEVICE_FAMILY = "1,2";
				TEST_HOST = "$(BUILT_PRODUCTS_DIR)/ExercisePlay.app/$(BUNDLE_EXECUTABLE_FOLDER_PATH)/ExercisePlay";
			};
			name = Release;
		};
		220FDBBF2CC2CC2100F53DAF /* Debug */ = {
			isa = XCBuildConfiguration;
			buildSettings = {
				ALWAYS_EMBED_SWIFT_STANDARD_LIBRARIES = YES;
				CODE_SIGN_STYLE = Automatic;
				CURRENT_PROJECT_VERSION = 1;
				GENERATE_INFOPLIST_FILE = YES;
				MARKETING_VERSION = 1.0;
				PRODUCT_BUNDLE_IDENTIFIER = com.junaid.ExercisePlayUITests;
				PRODUCT_NAME = "$(TARGET_NAME)";
				SWIFT_EMIT_LOC_STRINGS = NO;
				SWIFT_VERSION = 5.0;
				TARGETED_DEVICE_FAMILY = "1,2";
				TEST_TARGET_NAME = ExercisePlay;
			};
			name = Debug;
		};
		220FDBC02CC2CC2100F53DAF /* Release */ = {
			isa = XCBuildConfiguration;
			buildSettings = {
				ALWAYS_EMBED_SWIFT_STANDARD_LIBRARIES = YES;
				CODE_SIGN_STYLE = Automatic;
				CURRENT_PROJECT_VERSION = 1;
				GENERATE_INFOPLIST_FILE = YES;
				MARKETING_VERSION = 1.0;
				PRODUCT_BUNDLE_IDENTIFIER = com.junaid.ExercisePlayUITests;
				PRODUCT_NAME = "$(TARGET_NAME)";
				SWIFT_EMIT_LOC_STRINGS = NO;
				SWIFT_VERSION = 5.0;
				TARGETED_DEVICE_FAMILY = "1,2";
				TEST_TARGET_NAME = ExercisePlay;
			};
			name = Release;
		};
/* End XCBuildConfiguration section */

/* Begin XCConfigurationList section */
		220FDB8F2CC2CC1F00F53DAF /* Build configuration list for PBXProject "ExercisePlay" */ = {
			isa = XCConfigurationList;
			buildConfigurations = (
				220FDBB62CC2CC2100F53DAF /* Debug */,
				220FDBB72CC2CC2100F53DAF /* Release */,
			);
			defaultConfigurationIsVisible = 0;
			defaultConfigurationName = Release;
		};
		220FDBB82CC2CC2100F53DAF /* Build configuration list for PBXNativeTarget "ExercisePlay" */ = {
			isa = XCConfigurationList;
			buildConfigurations = (
				220FDBB92CC2CC2100F53DAF /* Debug */,
				220FDBBA2CC2CC2100F53DAF /* Release */,
			);
			defaultConfigurationIsVisible = 0;
			defaultConfigurationName = Release;
		};
		220FDBBB2CC2CC2100F53DAF /* Build configuration list for PBXNativeTarget "ExercisePlayTests" */ = {
			isa = XCConfigurationList;
			buildConfigurations = (
				220FDBBC2CC2CC2100F53DAF /* Debug */,
				220FDBBD2CC2CC2100F53DAF /* Release */,
			);
			defaultConfigurationIsVisible = 0;
			defaultConfigurationName = Release;
		};
		220FDBBE2CC2CC2100F53DAF /* Build configuration list for PBXNativeTarget "ExercisePlayUITests" */ = {
			isa = XCConfigurationList;
			buildConfigurations = (
				220FDBBF2CC2CC2100F53DAF /* Debug */,
				220FDBC02CC2CC2100F53DAF /* Release */,
			);
			defaultConfigurationIsVisible = 0;
			defaultConfigurationName = Release;
		};
/* End XCConfigurationList section */
	};
	rootObject = 220FDB8C2CC2CC1F00F53DAF /* Project object */;
}
